
Microsoft Visual Studio Solution File, Format Version 12.00
# Visual Studio Version 16
VisualStudioVersion = 16.0.30517.126
MinimumVisualStudioVersion = 10.0.40219.1
Project("{FAE04EC0-301F-11D3-BF4B-00C04F79EFBC}") = "ClientSide", "ClientSide\ClientSide.csproj", "{F4A7849E-5FB0-4F04-B83B-0AB77B9D9911}"
EndProject
Global
	GlobalSection(SolutionConfigurationPlatforms) = preSolution
		Debug|Any CPU = Debug|Any CPU
		Release|Any CPU = Release|Any CPU
	EndGlobalSection
	GlobalSection(ProjectConfigurationPlatforms) = postSolution
		{F4A7849E-5FB0-4F04-B83B-0AB77B9D9911}.Debug|Any CPU.ActiveCfg = Debug|Any CPU
		{F4A7849E-5FB0-4F04-B83B-0AB77B9D9911}.Debug|Any CPU.Build.0 = Debug|Any CPU
		{F4A7849E-5FB0-4F04-B83B-0AB77B9D9911}.Release|Any CPU.ActiveCfg = Release|Any CPU
		{F4A7849E-5FB0-4F04-B83B-0AB77B9D9911}.Release|Any CPU.Build.0 = Release|Any CPU
	EndGlobalSection
	GlobalSection(SolutionProperties) = preSolution
		HideSolutionNode = FALSE
	EndGlobalSection
	GlobalSection(ExtensibilityGlobals) = postSolution
		SolutionGuid = {5AC109DE-8B27-4A6D-BD6F-7FD7F04DCC5C}
	EndGlobalSection
EndGlobal
