
Microsoft Visual Studio Solution File, Format Version 12.00
# Visual Studio Version 16
VisualStudioVersion = 16.0.30517.126
MinimumVisualStudioVersion = 10.0.40219.1
Project("{FAE04EC0-301F-11D3-BF4B-00C04F79EFBC}") = "ConcurrentQueueCollections", "ConcurrentQueueCollections\ConcurrentQueueCollections.csproj", "{EA02B958-367C-4879-BB92-BF84C4B3C98F}"
EndProject
Global
	GlobalSection(SolutionConfigurationPlatforms) = preSolution
		Debug|Any CPU = Debug|Any CPU
		Release|Any CPU = Release|Any CPU
	EndGlobalSection
	GlobalSection(ProjectConfigurationPlatforms) = postSolution
		{EA02B958-367C-4879-BB92-BF84C4B3C98F}.Debug|Any CPU.ActiveCfg = Debug|Any CPU
		{EA02B958-367C-4879-BB92-BF84C4B3C98F}.Debug|Any CPU.Build.0 = Debug|Any CPU
		{EA02B958-367C-4879-BB92-BF84C4B3C98F}.Release|Any CPU.ActiveCfg = Release|Any CPU
		{EA02B958-367C-4879-BB92-BF84C4B3C98F}.Release|Any CPU.Build.0 = Release|Any CPU
	EndGlobalSection
	GlobalSection(SolutionProperties) = preSolution
		HideSolutionNode = FALSE
	EndGlobalSection
	GlobalSection(ExtensibilityGlobals) = postSolution
		SolutionGuid = {CAD7A7C7-48ED-4922-818B-4DA5A3D3CD4C}
	EndGlobalSection
EndGlobal
