
Microsoft Visual Studio Solution File, Format Version 12.00
# Visual Studio Version 16
VisualStudioVersion = 16.0.30517.126
MinimumVisualStudioVersion = 10.0.40219.1
Project("{FAE04EC0-301F-11D3-BF4B-00C04F79EFBC}") = "CollectionsAndGenerics", "CollectionsAndGenerics\CollectionsAndGenerics.csproj", "{EB980278-6159-4C79-AE8A-C978643B9B63}"
EndProject
Global
	GlobalSection(SolutionConfigurationPlatforms) = preSolution
		Debug|Any CPU = Debug|Any CPU
		Release|Any CPU = Release|Any CPU
	EndGlobalSection
	GlobalSection(ProjectConfigurationPlatforms) = postSolution
		{EB980278-6159-4C79-AE8A-C978643B9B63}.Debug|Any CPU.ActiveCfg = Debug|Any CPU
		{EB980278-6159-4C79-AE8A-C978643B9B63}.Debug|Any CPU.Build.0 = Debug|Any CPU
		{EB980278-6159-4C79-AE8A-C978643B9B63}.Release|Any CPU.ActiveCfg = Release|Any CPU
		{EB980278-6159-4C79-AE8A-C978643B9B63}.Release|Any CPU.Build.0 = Release|Any CPU
	EndGlobalSection
	GlobalSection(SolutionProperties) = preSolution
		HideSolutionNode = FALSE
	EndGlobalSection
	GlobalSection(ExtensibilityGlobals) = postSolution
		SolutionGuid = {AD72F07C-9FE4-418A-8EE6-40A093696D46}
	EndGlobalSection
EndGlobal
