
Microsoft Visual Studio Solution File, Format Version 12.00
# Visual Studio Version 16
VisualStudioVersion = 16.0.30517.126
MinimumVisualStudioVersion = 10.0.40219.1
Project("{FAE04EC0-301F-11D3-BF4B-00C04F79EFBC}") = "Arrays", "Arrays\Arrays.csproj", "{DD7C0242-AB08-41DC-974A-4A5E2721D029}"
EndProject
Global
	GlobalSection(SolutionConfigurationPlatforms) = preSolution
		Debug|Any CPU = Debug|Any CPU
		Release|Any CPU = Release|Any CPU
	EndGlobalSection
	GlobalSection(ProjectConfigurationPlatforms) = postSolution
		{DD7C0242-AB08-41DC-974A-4A5E2721D029}.Debug|Any CPU.ActiveCfg = Debug|Any CPU
		{DD7C0242-AB08-41DC-974A-4A5E2721D029}.Debug|Any CPU.Build.0 = Debug|Any CPU
		{DD7C0242-AB08-41DC-974A-4A5E2721D029}.Release|Any CPU.ActiveCfg = Release|Any CPU
		{DD7C0242-AB08-41DC-974A-4A5E2721D029}.Release|Any CPU.Build.0 = Release|Any CPU
	EndGlobalSection
	GlobalSection(SolutionProperties) = preSolution
		HideSolutionNode = FALSE
	EndGlobalSection
	GlobalSection(ExtensibilityGlobals) = postSolution
		SolutionGuid = {77B6303E-8CA1-4952-B748-3B44E3AEF3A5}
	EndGlobalSection
EndGlobal
