
Microsoft Visual Studio Solution File, Format Version 12.00
# Visual Studio Version 16
VisualStudioVersion = 16.0.30517.126
MinimumVisualStudioVersion = 10.0.40219.1
Project("{FAE04EC0-301F-11D3-BF4B-00C04F79EFBC}") = "AdoNetDataSetConsole", "AdoNetDataSetConsole\AdoNetDataSetConsole.csproj", "{5336901D-82FB-46BF-9C57-B813D61A6CA5}"
EndProject
Global
	GlobalSection(SolutionConfigurationPlatforms) = preSolution
		Debug|Any CPU = Debug|Any CPU
		Release|Any CPU = Release|Any CPU
	EndGlobalSection
	GlobalSection(ProjectConfigurationPlatforms) = postSolution
		{5336901D-82FB-46BF-9C57-B813D61A6CA5}.Debug|Any CPU.ActiveCfg = Debug|Any CPU
		{5336901D-82FB-46BF-9C57-B813D61A6CA5}.Debug|Any CPU.Build.0 = Debug|Any CPU
		{5336901D-82FB-46BF-9C57-B813D61A6CA5}.Release|Any CPU.ActiveCfg = Release|Any CPU
		{5336901D-82FB-46BF-9C57-B813D61A6CA5}.Release|Any CPU.Build.0 = Release|Any CPU
	EndGlobalSection
	GlobalSection(SolutionProperties) = preSolution
		HideSolutionNode = FALSE
	EndGlobalSection
	GlobalSection(ExtensibilityGlobals) = postSolution
		SolutionGuid = {B93F2758-AF5F-48E8-8C93-79A6A22E2FDF}
	EndGlobalSection
EndGlobal
