
Microsoft Visual Studio Solution File, Format Version 12.00
# Visual Studio Version 16
VisualStudioVersion = 16.0.30517.126
MinimumVisualStudioVersion = 10.0.40219.1
Project("{FAE04EC0-301F-11D3-BF4B-00C04F79EFBC}") = "CustomExceptions", "CustomExceptions\CustomExceptions.csproj", "{80866131-037D-4671-8C8A-D5A4F61BCB39}"
EndProject
Global
	GlobalSection(SolutionConfigurationPlatforms) = preSolution
		Debug|Any CPU = Debug|Any CPU
		Release|Any CPU = Release|Any CPU
	EndGlobalSection
	GlobalSection(ProjectConfigurationPlatforms) = postSolution
		{80866131-037D-4671-8C8A-D5A4F61BCB39}.Debug|Any CPU.ActiveCfg = Debug|Any CPU
		{80866131-037D-4671-8C8A-D5A4F61BCB39}.Debug|Any CPU.Build.0 = Debug|Any CPU
		{80866131-037D-4671-8C8A-D5A4F61BCB39}.Release|Any CPU.ActiveCfg = Release|Any CPU
		{80866131-037D-4671-8C8A-D5A4F61BCB39}.Release|Any CPU.Build.0 = Release|Any CPU
	EndGlobalSection
	GlobalSection(SolutionProperties) = preSolution
		HideSolutionNode = FALSE
	EndGlobalSection
	GlobalSection(ExtensibilityGlobals) = postSolution
		SolutionGuid = {52C0B704-D28E-4A26-B48F-1F03D953E9CD}
	EndGlobalSection
EndGlobal
