
Microsoft Visual Studio Solution File, Format Version 12.00
# Visual Studio Version 16
VisualStudioVersion = 16.0.30517.126
MinimumVisualStudioVersion = 10.0.40219.1
Project("{FAE04EC0-301F-11D3-BF4B-00C04F79EFBC}") = "AsyncAwaitApp", "AsyncAwaitApp\AsyncAwaitApp.csproj", "{75B4ACF2-F8AB-4C14-B4C8-30BF6D627B97}"
EndProject
Global
	GlobalSection(SolutionConfigurationPlatforms) = preSolution
		Debug|Any CPU = Debug|Any CPU
		Release|Any CPU = Release|Any CPU
	EndGlobalSection
	GlobalSection(ProjectConfigurationPlatforms) = postSolution
		{75B4ACF2-F8AB-4C14-B4C8-30BF6D627B97}.Debug|Any CPU.ActiveCfg = Debug|Any CPU
		{75B4ACF2-F8AB-4C14-B4C8-30BF6D627B97}.Debug|Any CPU.Build.0 = Debug|Any CPU
		{75B4ACF2-F8AB-4C14-B4C8-30BF6D627B97}.Release|Any CPU.ActiveCfg = Release|Any CPU
		{75B4ACF2-F8AB-4C14-B4C8-30BF6D627B97}.Release|Any CPU.Build.0 = Release|Any CPU
	EndGlobalSection
	GlobalSection(SolutionProperties) = preSolution
		HideSolutionNode = FALSE
	EndGlobalSection
	GlobalSection(ExtensibilityGlobals) = postSolution
		SolutionGuid = {2B22B794-C27F-43CD-820E-C8A5D72CD5D9}
	EndGlobalSection
EndGlobal
