
Microsoft Visual Studio Solution File, Format Version 12.00
# Visual Studio Version 16
VisualStudioVersion = 16.0.30517.126
MinimumVisualStudioVersion = 10.0.40219.1
Project("{FAE04EC0-301F-11D3-BF4B-00C04F79EFBC}") = "ModelFirst", "ModelFirst\ModelFirst.csproj", "{844D7008-13A4-4693-95AE-714E48B62150}"
EndProject
Global
	GlobalSection(SolutionConfigurationPlatforms) = preSolution
		Debug|Any CPU = Debug|Any CPU
		Release|Any CPU = Release|Any CPU
	EndGlobalSection
	GlobalSection(ProjectConfigurationPlatforms) = postSolution
		{844D7008-13A4-4693-95AE-714E48B62150}.Debug|Any CPU.ActiveCfg = Debug|Any CPU
		{844D7008-13A4-4693-95AE-714E48B62150}.Debug|Any CPU.Build.0 = Debug|Any CPU
		{844D7008-13A4-4693-95AE-714E48B62150}.Release|Any CPU.ActiveCfg = Release|Any CPU
		{844D7008-13A4-4693-95AE-714E48B62150}.Release|Any CPU.Build.0 = Release|Any CPU
	EndGlobalSection
	GlobalSection(SolutionProperties) = preSolution
		HideSolutionNode = FALSE
	EndGlobalSection
	GlobalSection(ExtensibilityGlobals) = postSolution
		SolutionGuid = {7E836570-C500-4AB0-8185-841F3050CF7A}
	EndGlobalSection
EndGlobal
