
Microsoft Visual Studio Solution File, Format Version 12.00
# Visual Studio Version 16
VisualStudioVersion = 16.0.30517.126
MinimumVisualStudioVersion = 10.0.40219.1
Project("{FAE04EC0-301F-11D3-BF4B-00C04F79EFBC}") = "LINQ", "LINQ\LINQ.csproj", "{F3F00656-F623-4B7E-9374-6C8F4C45350E}"
EndProject
Global
	GlobalSection(SolutionConfigurationPlatforms) = preSolution
		Debug|Any CPU = Debug|Any CPU
		Release|Any CPU = Release|Any CPU
	EndGlobalSection
	GlobalSection(ProjectConfigurationPlatforms) = postSolution
		{F3F00656-F623-4B7E-9374-6C8F4C45350E}.Debug|Any CPU.ActiveCfg = Debug|Any CPU
		{F3F00656-F623-4B7E-9374-6C8F4C45350E}.Debug|Any CPU.Build.0 = Debug|Any CPU
		{F3F00656-F623-4B7E-9374-6C8F4C45350E}.Release|Any CPU.ActiveCfg = Release|Any CPU
		{F3F00656-F623-4B7E-9374-6C8F4C45350E}.Release|Any CPU.Build.0 = Release|Any CPU
	EndGlobalSection
	GlobalSection(SolutionProperties) = preSolution
		HideSolutionNode = FALSE
	EndGlobalSection
	GlobalSection(ExtensibilityGlobals) = postSolution
		SolutionGuid = {8FC3BDC3-A630-4962-A9F9-0BBA3B1AF9D6}
	EndGlobalSection
EndGlobal
